
Microsoft Visual Studio Solution File, Format Version 12.00
# Visual Studio Version 16
VisualStudioVersion = 16.0.30011.22
MinimumVisualStudioVersion = 10.0.40219.1
Project("{9A19103F-16F7-4668-BE54-9A1E7A4F7556}") = "Supercell.Life.Titan", "Supercell.Life.Titan\Supercell.Life.Titan.csproj", "{DD75F23C-15FF-4F7A-9B47-458E13E3502A}"
EndProject
Project("{9A19103F-16F7-4668-BE54-9A1E7A4F7556}") = "Supercell.Life.Server", "Supercell.Life.Server\Supercell.Life.Server.csproj", "{229ADF3F-D63D-4BC4-8D6B-2103AE409AB5}"
EndProject
Global
	GlobalSection(SolutionConfigurationPlatforms) = preSolution
		Debug|Any CPU = Debug|Any CPU
		Release|Any CPU = Release|Any CPU
	EndGlobalSection
	GlobalSection(ProjectConfigurationPlatforms) = postSolution
		{DD75F23C-15FF-4F7A-9B47-458E13E3502A}.Debug|Any CPU.ActiveCfg = Debug|Any CPU
		{DD75F23C-15FF-4F7A-9B47-458E13E3502A}.Debug|Any CPU.Build.0 = Debug|Any CPU
		{DD75F23C-15FF-4F7A-9B47-458E13E3502A}.Release|Any CPU.ActiveCfg = Release|Any CPU
		{DD75F23C-15FF-4F7A-9B47-458E13E3502A}.Release|Any CPU.Build.0 = Release|Any CPU
		{229ADF3F-D63D-4BC4-8D6B-2103AE409AB5}.Debug|Any CPU.ActiveCfg = Debug|Any CPU
		{229ADF3F-D63D-4BC4-8D6B-2103AE409AB5}.Debug|Any CPU.Build.0 = Debug|Any CPU
		{229ADF3F-D63D-4BC4-8D6B-2103AE409AB5}.Release|Any CPU.ActiveCfg = Release|Any CPU
		{229ADF3F-D63D-4BC4-8D6B-2103AE409AB5}.Release|Any CPU.Build.0 = Release|Any CPU
	EndGlobalSection
	GlobalSection(SolutionProperties) = preSolution
		HideSolutionNode = FALSE
	EndGlobalSection
	GlobalSection(ExtensibilityGlobals) = postSolution
		SolutionGuid = {2ADBBF70-7A53-4C46-84F3-0CD29297A0BC}
	EndGlobalSection
EndGlobal
